// !$*UTF8*$!
{
	archiveVersion = 1;
	classes = {
	};
	objectVersion = 50;
	objects = {

/* Begin PBXBuildFile section */
		84077A32222991A800E8192C /* MenuViewController.m in Sources */ = {isa = PBXBuildFile; fileRef = 84077A31222991A800E8192C /* MenuViewController.m */; };
		84077A352229936000E8192C /* UIView+AutoLayoutSupport.m in Sources */ = {isa = PBXBuildFile; fileRef = 84077A342229936000E8192C /* UIView+AutoLayoutSupport.m */; };
		848C557C222F2626000216FF /* PhotoCollectionViewCell.m in Sources */ = {isa = PBXBuildFile; fileRef = 848C557B222F2626000216FF /* PhotoCollectionViewCell.m */; };
		84A86FE8222BDE50008762EA /* UIColor+ThemeColors.m in Sources */ = {isa = PBXBuildFile; fileRef = 84A86FE7222BDE50008762EA /* UIColor+ThemeColors.m */; };
		84A86FEB222BEAD4008762EA /* PhotoViewController.m in Sources */ = {isa = PBXBuildFile; fileRef = 84A86FEA222BEAD4008762EA /* PhotoViewController.m */; };
		84A86FEE222C2E1C008762EA /* UIView+Elevation.m in Sources */ = {isa = PBXBuildFile; fileRef = 84A86FEC222C2E1C008762EA /* UIView+Elevation.m */; };
		84A8701F222DA213008762EA /* URLImage.m in Sources */ = {isa = PBXBuildFile; fileRef = 84A8701E222DA213008762EA /* URLImage.m */; };
		84D2D388222052FB004FB21B /* AppDelegate.m in Sources */ = {isa = PBXBuildFile; fileRef = 84D2D387222052FB004FB21B /* AppDelegate.m */; };
		84D2D390222052FC004FB21B /* Assets.xcassets in Resources */ = {isa = PBXBuildFile; fileRef = 84D2D38F222052FC004FB21B /* Assets.xcassets */; };
		84D2D393222052FC004FB21B /* LaunchScreen.storyboard in Resources */ = {isa = PBXBuildFile; fileRef = 84D2D391222052FC004FB21B /* LaunchScreen.storyboard */; };
		84D2D396222052FC004FB21B /* main.m in Sources */ = {isa = PBXBuildFile; fileRef = 84D2D395222052FC004FB21B /* main.m */; };
		84D2D39E22205342004FB21B /* APIHelpers.m in Sources */ = {isa = PBXBuildFile; fileRef = 84D2D39D22205341004FB21B /* APIHelpers.m */; };
		84D7FC48222E84EB00E37CA4 /* PhotoTableViewCell.m in Sources */ = {isa = PBXBuildFile; fileRef = 84D7FC47222E84EB00E37CA4 /* PhotoTableViewCell.m */; };
		84D7FC57222EDE0600E37CA4 /* PhotoDetailsViewController.m in Sources */ = {isa = PBXBuildFile; fileRef = 84D7FC56222EDE0600E37CA4 /* PhotoDetailsViewController.m */; };
/* End PBXBuildFile section */

/* Begin PBXCopyFilesBuildPhase section */
		84077A23222984A600E8192C /* Embed Frameworks */ = {
			isa = PBXCopyFilesBuildPhase;
			buildActionMask = 2147483647;
			dstPath = "";
			dstSubfolderSpec = 10;
			files = (
			);
			name = "Embed Frameworks";
			runOnlyForDeploymentPostprocessing = 0;
		};
/* End PBXCopyFilesBuildPhase section */

/* Begin PBXFileReference section */
		84077A30222991A800E8192C /* MenuViewController.h */ = {isa = PBXFileReference; lastKnownFileType = sourcecode.c.h; path = MenuViewController.h; sourceTree = "<group>"; };
		84077A31222991A800E8192C /* MenuViewController.m */ = {isa = PBXFileReference; lastKnownFileType = sourcecode.c.objc; path = MenuViewController.m; sourceTree = "<group>"; };
		84077A332229936000E8192C /* UIView+AutoLayoutSupport.h */ = {isa = PBXFileReference; fileEncoding = 4; lastKnownFileType = sourcecode.c.h; path = "UIView+AutoLayoutSupport.h"; sourceTree = "<group>"; };
		84077A342229936000E8192C /* UIView+AutoLayoutSupport.m */ = {isa = PBXFileReference; fileEncoding = 4; lastKnownFileType = sourcecode.c.objc; path = "UIView+AutoLayoutSupport.m"; sourceTree = "<group>"; };
		848C557A222F2626000216FF /* PhotoCollectionViewCell.h */ = {isa = PBXFileReference; lastKnownFileType = sourcecode.c.h; path = PhotoCollectionViewCell.h; sourceTree = "<group>"; };
		848C557B222F2626000216FF /* PhotoCollectionViewCell.m */ = {isa = PBXFileReference; lastKnownFileType = sourcecode.c.objc; path = PhotoCollectionViewCell.m; sourceTree = "<group>"; };
		84A86FE6222BDE50008762EA /* UIColor+ThemeColors.h */ = {isa = PBXFileReference; lastKnownFileType = sourcecode.c.h; path = "UIColor+ThemeColors.h"; sourceTree = "<group>"; };
		84A86FE7222BDE50008762EA /* UIColor+ThemeColors.m */ = {isa = PBXFileReference; lastKnownFileType = sourcecode.c.objc; path = "UIColor+ThemeColors.m"; sourceTree = "<group>"; };
		84A86FE9222BEAD4008762EA /* PhotoViewController.h */ = {isa = PBXFileReference; lastKnownFileType = sourcecode.c.h; path = PhotoViewController.h; sourceTree = "<group>"; };
		84A86FEA222BEAD4008762EA /* PhotoViewController.m */ = {isa = PBXFileReference; lastKnownFileType = sourcecode.c.objc; path = PhotoViewController.m; sourceTree = "<group>"; };
		84A86FEC222C2E1C008762EA /* UIView+Elevation.m */ = {isa = PBXFileReference; fileEncoding = 4; lastKnownFileType = sourcecode.c.objc; path = "UIView+Elevation.m"; sourceTree = "<group>"; };
		84A86FED222C2E1C008762EA /* UIView+Elevation.h */ = {isa = PBXFileReference; fileEncoding = 4; lastKnownFileType = sourcecode.c.h; path = "UIView+Elevation.h"; sourceTree = "<group>"; };
		84A8701D222DA213008762EA /* URLImage.h */ = {isa = PBXFileReference; lastKnownFileType = sourcecode.c.h; path = URLImage.h; sourceTree = "<group>"; };
		84A8701E222DA213008762EA /* URLImage.m */ = {isa = PBXFileReference; lastKnownFileType = sourcecode.c.objc; path = URLImage.m; sourceTree = "<group>"; };
		84D2D383222052FB004FB21B /* FlickrFotoApp.app */ = {isa = PBXFileReference; explicitFileType = wrapper.application; includeInIndex = 0; path = FlickrFotoApp.app; sourceTree = BUILT_PRODUCTS_DIR; };
		84D2D386222052FB004FB21B /* AppDelegate.h */ = {isa = PBXFileReference; lastKnownFileType = sourcecode.c.h; path = AppDelegate.h; sourceTree = "<group>"; };
		84D2D387222052FB004FB21B /* AppDelegate.m */ = {isa = PBXFileReference; lastKnownFileType = sourcecode.c.objc; path = AppDelegate.m; sourceTree = "<group>"; };
		84D2D38F222052FC004FB21B /* Assets.xcassets */ = {isa = PBXFileReference; lastKnownFileType = folder.assetcatalog; path = Assets.xcassets; sourceTree = "<group>"; };
		84D2D392222052FC004FB21B /* Base */ = {isa = PBXFileReference; lastKnownFileType = file.storyboard; name = Base; path = Base.lproj/LaunchScreen.storyboard; sourceTree = "<group>"; };
		84D2D394222052FC004FB21B /* Info.plist */ = {isa = PBXFileReference; lastKnownFileType = text.plist.xml; path = Info.plist; sourceTree = "<group>"; };
		84D2D395222052FC004FB21B /* main.m */ = {isa = PBXFileReference; lastKnownFileType = sourcecode.c.objc; path = main.m; sourceTree = "<group>"; };
		84D2D39C22205341004FB21B /* APIHelpers.h */ = {isa = PBXFileReference; fileEncoding = 4; lastKnownFileType = sourcecode.c.h; path = APIHelpers.h; sourceTree = "<group>"; };
		84D2D39D22205341004FB21B /* APIHelpers.m */ = {isa = PBXFileReference; fileEncoding = 4; lastKnownFileType = sourcecode.c.objc; path = APIHelpers.m; sourceTree = "<group>"; };
		84D7FC46222E84EB00E37CA4 /* PhotoTableViewCell.h */ = {isa = PBXFileReference; lastKnownFileType = sourcecode.c.h; path = PhotoTableViewCell.h; sourceTree = "<group>"; };
		84D7FC47222E84EB00E37CA4 /* PhotoTableViewCell.m */ = {isa = PBXFileReference; lastKnownFileType = sourcecode.c.objc; path = PhotoTableViewCell.m; sourceTree = "<group>"; };
		84D7FC55222EDE0600E37CA4 /* PhotoDetailsViewController.h */ = {isa = PBXFileReference; lastKnownFileType = sourcecode.c.h; path = PhotoDetailsViewController.h; sourceTree = "<group>"; };
		84D7FC56222EDE0600E37CA4 /* PhotoDetailsViewController.m */ = {isa = PBXFileReference; lastKnownFileType = sourcecode.c.objc; path = PhotoDetailsViewController.m; sourceTree = "<group>"; };
/* End PBXFileReference section */

/* Begin PBXFrameworksBuildPhase section */
		84D2D380222052FB004FB21B /* Frameworks */ = {
			isa = PBXFrameworksBuildPhase;
			buildActionMask = 2147483647;
			files = (
			);
			runOnlyForDeploymentPostprocessing = 0;
		};
/* End PBXFrameworksBuildPhase section */

/* Begin PBXGroup section */
		84077A1D2229844E00E8192C /* Frameworks */ = {
			isa = PBXGroup;
			children = (
			);
			name = Frameworks;
			sourceTree = "<group>";
		};
		84D2D37A222052FB004FB21B = {
			isa = PBXGroup;
			children = (
				84D2D385222052FB004FB21B /* FlickrFotoApp */,
				84D2D384222052FB004FB21B /* Products */,
				84077A1D2229844E00E8192C /* Frameworks */,
			);
			sourceTree = "<group>";
		};
		84D2D384222052FB004FB21B /* Products */ = {
			isa = PBXGroup;
			children = (
				84D2D383222052FB004FB21B /* FlickrFotoApp.app */,
			);
			name = Products;
			sourceTree = "<group>";
		};
		84D2D385222052FB004FB21B /* FlickrFotoApp */ = {
			isa = PBXGroup;
			children = (
				84E0F1892244E36C00163780 /* Controllers */,
				84E0F18A2244E39300163780 /* Views */,
				84E0F18C2244E3DA00163780 /* Helpers */,
				84E0F1882244E2E400163780 /* Categories */,
				84E0F18B2244E3B000163780 /* Resources */,
			);
			path = FlickrFotoApp;
			sourceTree = "<group>";
		};
		84E0F1882244E2E400163780 /* Categories */ = {
			isa = PBXGroup;
			children = (
				84A86FE6222BDE50008762EA /* UIColor+ThemeColors.h */,
				84A86FE7222BDE50008762EA /* UIColor+ThemeColors.m */,
				84077A332229936000E8192C /* UIView+AutoLayoutSupport.h */,
				84077A342229936000E8192C /* UIView+AutoLayoutSupport.m */,
				84A86FED222C2E1C008762EA /* UIView+Elevation.h */,
				84A86FEC222C2E1C008762EA /* UIView+Elevation.m */,
			);
			name = Categories;
			sourceTree = "<group>";
		};
		84E0F1892244E36C00163780 /* Controllers */ = {
			isa = PBXGroup;
			children = (
				84077A30222991A800E8192C /* MenuViewController.h */,
				84077A31222991A800E8192C /* MenuViewController.m */,
				84A86FE9222BEAD4008762EA /* PhotoViewController.h */,
				84A86FEA222BEAD4008762EA /* PhotoViewController.m */,
				84D7FC55222EDE0600E37CA4 /* PhotoDetailsViewController.h */,
				84D7FC56222EDE0600E37CA4 /* PhotoDetailsViewController.m */,
			);
			name = Controllers;
			sourceTree = "<group>";
		};
		84E0F18A2244E39300163780 /* Views */ = {
			isa = PBXGroup;
			children = (
				84A8701D222DA213008762EA /* URLImage.h */,
				84A8701E222DA213008762EA /* URLImage.m */,
				84D7FC46222E84EB00E37CA4 /* PhotoTableViewCell.h */,
				84D7FC47222E84EB00E37CA4 /* PhotoTableViewCell.m */,
				848C557A222F2626000216FF /* PhotoCollectionViewCell.h */,
				848C557B222F2626000216FF /* PhotoCollectionViewCell.m */,
			);
			name = Views;
			sourceTree = "<group>";
		};
		84E0F18B2244E3B000163780 /* Resources */ = {
			isa = PBXGroup;
			children = (
				84D2D394222052FC004FB21B /* Info.plist */,
				84D2D386222052FB004FB21B /* AppDelegate.h */,
				84D2D387222052FB004FB21B /* AppDelegate.m */,
				84D2D38F222052FC004FB21B /* Assets.xcassets */,
				84D2D391222052FC004FB21B /* LaunchScreen.storyboard */,
				84D2D395222052FC004FB21B /* main.m */,
			);
			name = Resources;
			sourceTree = "<group>";
		};
		84E0F18C2244E3DA00163780 /* Helpers */ = {
			isa = PBXGroup;
			children = (
				84D2D39C22205341004FB21B /* APIHelpers.h */,
				84D2D39D22205341004FB21B /* APIHelpers.m */,
			);
			name = Helpers;
			sourceTree = "<group>";
		};
/* End PBXGroup section */

/* Begin PBXNativeTarget section */
		84D2D382222052FB004FB21B /* FlickrFotoApp */ = {
			isa = PBXNativeTarget;
			buildConfigurationList = 84D2D399222052FC004FB21B /* Build configuration list for PBXNativeTarget "FlickrFotoApp" */;
			buildPhases = (
				84D2D37F222052FB004FB21B /* Sources */,
				84D2D380222052FB004FB21B /* Frameworks */,
				84D2D381222052FB004FB21B /* Resources */,
				84077A23222984A600E8192C /* Embed Frameworks */,
			);
			buildRules = (
			);
			dependencies = (
			);
			name = FlickrFotoApp;
			productName = FlickrFotoApp;
			productReference = 84D2D383222052FB004FB21B /* FlickrFotoApp.app */;
			productType = "com.apple.product-type.application";
		};
/* End PBXNativeTarget section */

/* Begin PBXProject section */
		84D2D37B222052FB004FB21B /* Project object */ = {
			isa = PBXProject;
			attributes = {
				LastUpgradeCheck = 1010;
				ORGANIZATIONNAME = kriang;
				TargetAttributes = {
					84D2D382222052FB004FB21B = {
						CreatedOnToolsVersion = 10.1;
					};
				};
			};
			buildConfigurationList = 84D2D37E222052FB004FB21B /* Build configuration list for PBXProject "FlickrFotoApp" */;
			compatibilityVersion = "Xcode 9.3";
			developmentRegion = en;
			hasScannedForEncodings = 0;
			knownRegions = (
				en,
				Base,
			);
			mainGroup = 84D2D37A222052FB004FB21B;
			productRefGroup = 84D2D384222052FB004FB21B /* Products */;
			projectDirPath = "";
			projectRoot = "";
			targets = (
				84D2D382222052FB004FB21B /* FlickrFotoApp */,
			);
		};
/* End PBXProject section */

/* Begin PBXResourcesBuildPhase section */
		84D2D381222052FB004FB21B /* Resources */ = {
			isa = PBXResourcesBuildPhase;
			buildActionMask = 2147483647;
			files = (
				84D2D393222052FC004FB21B /* LaunchScreen.storyboard in Resources */,
				84D2D390222052FC004FB21B /* Assets.xcassets in Resources */,
			);
			runOnlyForDeploymentPostprocessing = 0;
		};
/* End PBXResourcesBuildPhase section */

/* Begin PBXSourcesBuildPhase section */
		84D2D37F222052FB004FB21B /* Sources */ = {
			isa = PBXSourcesBuildPhase;
			buildActionMask = 2147483647;
			files = (
				84D7FC48222E84EB00E37CA4 /* PhotoTableViewCell.m in Sources */,
				848C557C222F2626000216FF /* PhotoCollectionViewCell.m in Sources */,
				84D2D39E22205342004FB21B /* APIHelpers.m in Sources */,
				84D7FC57222EDE0600E37CA4 /* PhotoDetailsViewController.m in Sources */,
				84A86FEE222C2E1C008762EA /* UIView+Elevation.m in Sources */,
				84077A352229936000E8192C /* UIView+AutoLayoutSupport.m in Sources */,
				84A8701F222DA213008762EA /* URLImage.m in Sources */,
				84A86FEB222BEAD4008762EA /* PhotoViewController.m in Sources */,
				84D2D396222052FC004FB21B /* main.m in Sources */,
				84D2D388222052FB004FB21B /* AppDelegate.m in Sources */,
				84A86FE8222BDE50008762EA /* UIColor+ThemeColors.m in Sources */,
				84077A32222991A800E8192C /* MenuViewController.m in Sources */,
			);
			runOnlyForDeploymentPostprocessing = 0;
		};
/* End PBXSourcesBuildPhase section */

/* Begin PBXVariantGroup section */
		84D2D391222052FC004FB21B /* LaunchScreen.storyboard */ = {
			isa = PBXVariantGroup;
			children = (
				84D2D392222052FC004FB21B /* Base */,
			);
			name = LaunchScreen.storyboard;
			sourceTree = "<group>";
		};
/* End PBXVariantGroup section */

/* Begin XCBuildConfiguration section */
		84D2D397222052FC004FB21B /* Debug */ = {
			isa = XCBuildConfiguration;
			buildSettings = {
				ALWAYS_SEARCH_USER_PATHS = NO;
				CLANG_ANALYZER_NONNULL = YES;
				CLANG_ANALYZER_NUMBER_OBJECT_CONVERSION = YES_AGGRESSIVE;
				CLANG_CXX_LANGUAGE_STANDARD = "gnu++14";
				CLANG_CXX_LIBRARY = "libc++";
				CLANG_ENABLE_MODULES = YES;
				CLANG_ENABLE_OBJC_ARC = YES;
				CLANG_ENABLE_OBJC_WEAK = YES;
				CLANG_WARN_BLOCK_CAPTURE_AUTORELEASING = YES;
				CLANG_WARN_BOOL_CONVERSION = YES;
				CLANG_WARN_COMMA = YES;
				CLANG_WARN_CONSTANT_CONVERSION = YES;
				CLANG_WARN_DEPRECATED_OBJC_IMPLEMENTATIONS = YES;
				CLANG_WARN_DIRECT_OBJC_ISA_USAGE = YES_ERROR;
				CLANG_WARN_DOCUMENTATION_COMMENTS = YES;
				CLANG_WARN_EMPTY_BODY = YES;
				CLANG_WARN_ENUM_CONVERSION = YES;
				CLANG_WARN_INFINITE_RECURSION = YES;
				CLANG_WARN_INT_CONVERSION = YES;
				CLANG_WARN_NON_LITERAL_NULL_CONVERSION = YES;
				CLANG_WARN_OBJC_IMPLICIT_RETAIN_SELF = YES;
				CLANG_WARN_OBJC_LITERAL_CONVERSION = YES;
				CLANG_WARN_OBJC_ROOT_CLASS = YES_ERROR;
				CLANG_WARN_RANGE_LOOP_ANALYSIS = YES;
				CLANG_WARN_STRICT_PROTOTYPES = YES;
				CLANG_WARN_SUSPICIOUS_MOVE = YES;
				CLANG_WARN_UNGUARDED_AVAILABILITY = YES_AGGRESSIVE;
				CLANG_WARN_UNREACHABLE_CODE = YES;
				CLANG_WARN__DUPLICATE_METHOD_MATCH = YES;
				CODE_SIGN_IDENTITY = "iPhone Developer";
				COPY_PHASE_STRIP = NO;
				DEBUG_INFORMATION_FORMAT = dwarf;
				ENABLE_STRICT_OBJC_MSGSEND = YES;
				ENABLE_TESTABILITY = YES;
				GCC_C_LANGUAGE_STANDARD = gnu11;
				GCC_DYNAMIC_NO_PIC = NO;
				GCC_NO_COMMON_BLOCKS = YES;
				GCC_OPTIMIZATION_LEVEL = 0;
				GCC_PREPROCESSOR_DEFINITIONS = (
					"DEBUG=1",
					"$(inherited)",
				);
				GCC_WARN_64_TO_32_BIT_CONVERSION = YES;
				GCC_WARN_ABOUT_RETURN_TYPE = YES_ERROR;
				GCC_WARN_UNDECLARED_SELECTOR = YES;
				GCC_WARN_UNINITIALIZED_AUTOS = YES_AGGRESSIVE;
				GCC_WARN_UNUSED_FUNCTION = YES;
				GCC_WARN_UNUSED_VARIABLE = YES;
				IPHONEOS_DEPLOYMENT_TARGET = 12.1;
				MTL_ENABLE_DEBUG_INFO = INCLUDE_SOURCE;
				MTL_FAST_MATH = YES;
				ONLY_ACTIVE_ARCH = YES;
				SDKROOT = iphoneos;
			};
			name = Debug;
		};
		84D2D398222052FC004FB21B /* Release */ = {
			isa = XCBuildConfiguration;
			buildSettings = {
				ALWAYS_SEARCH_USER_PATHS = NO;
				CLANG_ANALYZER_NONNULL = YES;
				CLANG_ANALYZER_NUMBER_OBJECT_CONVERSION = YES_AGGRESSIVE;
				CLANG_CXX_LANGUAGE_STANDARD = "gnu++14";
				CLANG_CXX_LIBRARY = "libc++";
				CLANG_ENABLE_MODULES = YES;
				CLANG_ENABLE_OBJC_ARC = YES;
				CLANG_ENABLE_OBJC_WEAK = YES;
				CLANG_WARN_BLOCK_CAPTURE_AUTORELEASING = YES;
				CLANG_WARN_BOOL_CONVERSION = YES;
				CLANG_WARN_COMMA = YES;
				CLANG_WARN_CONSTANT_CONVERSION = YES;
				CLANG_WARN_DEPRECATED_OBJC_IMPLEMENTATIONS = YES;
				CLANG_WARN_DIRECT_OBJC_ISA_USAGE = YES_ERROR;
				CLANG_WARN_DOCUMENTATION_COMMENTS = YES;
				CLANG_WARN_EMPTY_BODY = YES;
				CLANG_WARN_ENUM_CONVERSION = YES;
				CLANG_WARN_INFINITE_RECURSION = YES;
				CLANG_WARN_INT_CONVERSION = YES;
				CLANG_WARN_NON_LITERAL_NULL_CONVERSION = YES;
				CLANG_WARN_OBJC_IMPLICIT_RETAIN_SELF = YES;
				CLANG_WARN_OBJC_LITERAL_CONVERSION = YES;
				CLANG_WARN_OBJC_ROOT_CLASS = YES_ERROR;
				CLANG_WARN_RANGE_LOOP_ANALYSIS = YES;
				CLANG_WARN_STRICT_PROTOTYPES = YES;
				CLANG_WARN_SUSPICIOUS_MOVE = YES;
				CLANG_WARN_UNGUARDED_AVAILABILITY = YES_AGGRESSIVE;
				CLANG_WARN_UNREACHABLE_CODE = YES;
				CLANG_WARN__DUPLICATE_METHOD_MATCH = YES;
				CODE_SIGN_IDENTITY = "iPhone Developer";
				COPY_PHASE_STRIP = NO;
				DEBUG_INFORMATION_FORMAT = "dwarf-with-dsym";
				ENABLE_NS_ASSERTIONS = NO;
				ENABLE_STRICT_OBJC_MSGSEND = YES;
				GCC_C_LANGUAGE_STANDARD = gnu11;
				GCC_NO_COMMON_BLOCKS = YES;
				GCC_WARN_64_TO_32_BIT_CONVERSION = YES;
				GCC_WARN_ABOUT_RETURN_TYPE = YES_ERROR;
				GCC_WARN_UNDECLARED_SELECTOR = YES;
				GCC_WARN_UNINITIALIZED_AUTOS = YES_AGGRESSIVE;
				GCC_WARN_UNUSED_FUNCTION = YES;
				GCC_WARN_UNUSED_VARIABLE = YES;
				IPHONEOS_DEPLOYMENT_TARGET = 12.1;
				MTL_ENABLE_DEBUG_INFO = NO;
				MTL_FAST_MATH = YES;
				SDKROOT = iphoneos;
				VALIDATE_PRODUCT = YES;
			};
			name = Release;
		};
		84D2D39A222052FC004FB21B /* Debug */ = {
			isa = XCBuildConfiguration;
			buildSettings = {
				ASSETCATALOG_COMPILER_APPICON_NAME = AppIcon;
				CODE_SIGN_IDENTITY = "iPhone Developer";
				CODE_SIGN_STYLE = Automatic;
				DEVELOPMENT_TEAM = "";
				FRAMEWORK_SEARCH_PATHS = (
					"$(inherited)",
					"$(PROJECT_DIR)",
				);
				INFOPLIST_FILE = FlickrFotoApp/Info.plist;
				IPHONEOS_DEPLOYMENT_TARGET = 11.0;
				LD_RUNPATH_SEARCH_PATHS = (
					"$(inherited)",
					"@executable_path/Frameworks",
				);
				PRODUCT_BUNDLE_IDENTIFIER = se.kriang.FlickrFotoApp;
				PRODUCT_NAME = "$(TARGET_NAME)";
				PROVISIONING_PROFILE_SPECIFIER = "";
				TARGETED_DEVICE_FAMILY = "1,2";
			};
			name = Debug;
		};
		84D2D39B222052FC004FB21B /* Release */ = {
			isa = XCBuildConfiguration;
			buildSettings = {
				ASSETCATALOG_COMPILER_APPICON_NAME = AppIcon;
				CODE_SIGN_IDENTITY = "iPhone Developer";
				CODE_SIGN_STYLE = Automatic;
				DEVELOPMENT_TEAM = "";
				FRAMEWORK_SEARCH_PATHS = (
					"$(inherited)",
					"$(PROJECT_DIR)",
				);
				INFOPLIST_FILE = FlickrFotoApp/Info.plist;
				IPHONEOS_DEPLOYMENT_TARGET = 11.0;
				LD_RUNPATH_SEARCH_PATHS = (
					"$(inherited)",
					"@executable_path/Frameworks",
				);
				PRODUCT_BUNDLE_IDENTIFIER = se.kriang.FlickrFotoApp;
				PRODUCT_NAME = "$(TARGET_NAME)";
				PROVISIONING_PROFILE_SPECIFIER = "";
				TARGETED_DEVICE_FAMILY = "1,2";
			};
			name = Release;
		};
/* End XCBuildConfiguration section */

/* Begin XCConfigurationList section */
		84D2D37E222052FB004FB21B /* Build configuration list for PBXProject "FlickrFotoApp" */ = {
			isa = XCConfigurationList;
			buildConfigurations = (
				84D2D397222052FC004FB21B /* Debug */,
				84D2D398222052FC004FB21B /* Release */,
			);
			defaultConfigurationIsVisible = 0;
			defaultConfigurationName = Release;
		};
		84D2D399222052FC004FB21B /* Build configuration list for PBXNativeTarget "FlickrFotoApp" */ = {
			isa = XCConfigurationList;
			buildConfigurations = (
				84D2D39A222052FC004FB21B /* Debug */,
				84D2D39B222052FC004FB21B /* Release */,
			);
			defaultConfigurationIsVisible = 0;
			defaultConfigurationName = Release;
		};
/* End XCConfigurationList section */
	};
	rootObject = 84D2D37B222052FB004FB21B /* Project object */;
}
